
Microsoft Visual Studio Solution File, Format Version 12.00
# Visual Studio Version 17
VisualStudioVersion = 17.6.33723.286
MinimumVisualStudioVersion = 10.0.40219.1
Project("{FAE04EC0-301F-11D3-BF4B-00C04F79EFBC}") = "BankTransactionAllocation", "BankTransactionAllocation\BankTransactionAllocation.csproj", "{AB959278-A98F-4DAC-A42B-634B1F50F9DC}"
EndProject
Global
	GlobalSection(SolutionConfigurationPlatforms) = preSolution
		Debug|Any CPU = Debug|Any CPU
		Release|Any CPU = Release|Any CPU
	EndGlobalSection
	GlobalSection(ProjectConfigurationPlatforms) = postSolution
		{AB959278-A98F-4DAC-A42B-634B1F50F9DC}.Debug|Any CPU.ActiveCfg = Debug|Any CPU
		{AB959278-A98F-4DAC-A42B-634B1F50F9DC}.Debug|Any CPU.Build.0 = Debug|Any CPU
		{AB959278-A98F-4DAC-A42B-634B1F50F9DC}.Release|Any CPU.ActiveCfg = Release|Any CPU
		{AB959278-A98F-4DAC-A42B-634B1F50F9DC}.Release|Any CPU.Build.0 = Release|Any CPU
	EndGlobalSection
	GlobalSection(SolutionProperties) = preSolution
		HideSolutionNode = FALSE
	EndGlobalSection
	GlobalSection(ExtensibilityGlobals) = postSolution
		SolutionGuid = {169B988F-660F-49FE-AF62-E31C111B196D}
	EndGlobalSection
EndGlobal
